
Microsoft Visual Studio Solution File, Format Version 12.00
# Visual Studio Version 16
VisualStudioVersion = 16.0.31321.278
MinimumVisualStudioVersion = 10.0.40219.1
Project("{FAE04EC0-301F-11D3-BF4B-00C04F79EFBC}") = "CovidLetturaDatiJson", "CovidLetturaDatiJson\CovidLetturaDatiJson.csproj", "{F26BC796-E1F1-495A-BE33-7D62C976151E}"
EndProject
Global
	GlobalSection(SolutionConfigurationPlatforms) = preSolution
		Debug|Any CPU = Debug|Any CPU
		Release|Any CPU = Release|Any CPU
	EndGlobalSection
	GlobalSection(ProjectConfigurationPlatforms) = postSolution
		{F26BC796-E1F1-495A-BE33-7D62C976151E}.Debug|Any CPU.ActiveCfg = Debug|Any CPU
		{F26BC796-E1F1-495A-BE33-7D62C976151E}.Debug|Any CPU.Build.0 = Debug|Any CPU
		{F26BC796-E1F1-495A-BE33-7D62C976151E}.Release|Any CPU.ActiveCfg = Release|Any CPU
		{F26BC796-E1F1-495A-BE33-7D62C976151E}.Release|Any CPU.Build.0 = Release|Any CPU
	EndGlobalSection
	GlobalSection(SolutionProperties) = preSolution
		HideSolutionNode = FALSE
	EndGlobalSection
	GlobalSection(ExtensibilityGlobals) = postSolution
		SolutionGuid = {3C03FE10-274B-48FC-99DC-4C4474840A0A}
	EndGlobalSection
EndGlobal
